
Microsoft Visual Studio Solution File, Format Version 12.00
# Visual Studio Version 17
VisualStudioVersion = 17.5.002.0
MinimumVisualStudioVersion = 10.0.40219.1
Project("{9A19103F-16F7-4668-BE54-9A1E7A4F7556}") = "Prueba", "Prueba.csproj", "{0CF4AD47-D753-4E08-B7AC-6C52CE6A7D90}"
EndProject
Global
	GlobalSection(SolutionConfigurationPlatforms) = preSolution
		Debug|Any CPU = Debug|Any CPU
		Release|Any CPU = Release|Any CPU
	EndGlobalSection
	GlobalSection(ProjectConfigurationPlatforms) = postSolution
		{0CF4AD47-D753-4E08-B7AC-6C52CE6A7D90}.Debug|Any CPU.ActiveCfg = Debug|Any CPU
		{0CF4AD47-D753-4E08-B7AC-6C52CE6A7D90}.Debug|Any CPU.Build.0 = Debug|Any CPU
		{0CF4AD47-D753-4E08-B7AC-6C52CE6A7D90}.Release|Any CPU.ActiveCfg = Release|Any CPU
		{0CF4AD47-D753-4E08-B7AC-6C52CE6A7D90}.Release|Any CPU.Build.0 = Release|Any CPU
	EndGlobalSection
	GlobalSection(SolutionProperties) = preSolution
		HideSolutionNode = FALSE
	EndGlobalSection
	GlobalSection(ExtensibilityGlobals) = postSolution
		SolutionGuid = {FCC28A1B-1F78-429C-8D92-9A9FD8EEC39A}
	EndGlobalSection
EndGlobal
